// !$*UTF8*$!
{
	archiveVersion = 1;
	classes = {
	};
	objectVersion = 56;
	objects = {

/* Begin PBXBuildFile section */
		19DB1613AEA04B2DB6D20C3A = {isa = PBXBuildFile; fileRef = E1612116813C4AEABB5FA765; };
		7936ECE0D8C04B1783F17328 = {isa = PBXBuildFile; fileRef = 2C6662E259B6438A929C0820; };
		3E54ABF4261D49D8B5D3EF46 = {isa = PBXBuildFile; fileRef = A4D4E490C2434BAEB5169C13; };
		81ACE69A41384010B4FD2737 = {isa = PBXBuildFile; fileRef = 266927B19E8F4C16B6E807AD; };
		F1CA781D3B8C4EB5B2FB7B7C = {isa = PBXBuildFile; fileRef = 41C0FDFFF4A54347B49B405D; };
		1AE3197DD19F466FB49C6718 = {isa = PBXBuildFile; fileRef = 120C4EC38E534B2695F5CDBF; };
		8AE7976F19F7401B8CFA6D78 = {isa = PBXBuildFile; fileRef = 5E7D1FA59BCC4256849650F8; };
		99230B05E97445E18AA9DE0E = {isa = PBXBuildFile; fileRef = 2278B719207A4E5CBB982D7C; };
		4A6BF3EEE6D34515ACB6798F = {isa = PBXBuildFile; fileRef = B58B15AD92334D5BA2C74A45; };
		9594D9DCB1274D3987E629D1 = {isa = PBXBuildFile; fileRef = CF2AE83A3B254D8781867FB6; };
		AFE84E0688A8416F8455CFCA = {isa = PBXBuildFile; fileRef = F123673E686547D9B6D47988; };
		F2675BB043EB4C879B5F58C4 = {isa = PBXBuildFile; fileRef = 3D1992A0F54F4C9B92951008; };
		38DC828B608247ECB2C17704 = {isa = PBXBuildFile; fileRef = D995E5BFBBBE4DA6994889AE; };
		6A8B3D7C81094F768DBD4F12 = {isa = PBXBuildFile; fileRef = FF6BBB0A568841268135A65D; };
		027B60ED855045AAB2D485C1 = {isa = PBXBuildFile; fileRef = 2DE9CB0358454977AE883E3E; };
		87EC4292729448C2B9BCE440 = {isa = PBXBuildFile; fileRef = DF089213D0774BFFAFE765AD; };
		361EB4F36E004F74A534461D = {isa = PBXBuildFile; fileRef = 48C647F3E11144EB97AC714A; };
		13AABA77CCFA421EB646A195 = {isa = PBXBuildFile; fileRef = 801B8683DD03482BB706BE50; };
		7E0924581D704A3DAC5B3480 = {isa = PBXBuildFile; fileRef = A1439888075443F78D6DDB11; };
		0962483B8AC94AAE9DBCE8C7 = {isa = PBXBuildFile; fileRef = 9633D702F257460EB7A19D52; };
		AEA37D267147482588E7FC28 = {isa = PBXBuildFile; fileRef = 348797FF9DC64DD39BD855B7; };
		61187D622416452D8942AFB5 = {isa = PBXBuildFile; fileRef = 359DA86FE2F146548C8B14BA; };
		8AA95ADBA3CF4CDCA7771298 = {isa = PBXBuildFile; fileRef = DBB2A8D46D1E40E0A09DCE0D; };
		598727CF52404A1EAAE5AF21 = {isa = PBXBuildFile; fileRef = B348EF163F84408F8382F22B; };
		B3C49BF8CBA04D31A82C7BB8 = {isa = PBXBuildFile; fileRef = 9BFA2949F4214943A5104C1D; };
		08F7BE80BD604F648AD08D33 = {isa = PBXBuildFile; fileRef = 8449711ABA9F4CF8BD5425CB; };
		C89545D7B5F146FEB9A9F4F5 = {isa = PBXBuildFile; fileRef = D55424A8F213429480210E92; };
		806AB287CAB84C54B5821A3C = {isa = PBXBuildFile; fileRef = F4D76F8A330F49528BCFE3ED; };
		1E3A2D100FBB43178C121637 = {isa = PBXBuildFile; fileRef = 3100E83E7E704461A7BD9C37; };
		949D00ED5FF743BEBA38CE34 = {isa = PBXBuildFile; fileRef = C0D1CD3607194721801043F3; };
		D66FE9CADEE64638AC3B2F72 = {isa = PBXBuildFile; fileRef = FF2297550EB34F2CA0CF05FA; };
		450EE32A63CB4BED873DA79A = {isa = PBXBuildFile; fileRef = B202E1F5D7EE4CB7B5DBEC4B; };
		65C0CC61AA0D48E187404C6E = {isa = PBXBuildFile; fileRef = F6E15081408C4DBF87A64CA7; };
		B674CA3C04B54EB6A9C5A89E = {isa = PBXBuildFile; fileRef = C29EC9456B0B47A7A826B0A9; };
		91762E2F6FF146D7A3A4B1BC = {isa = PBXBuildFile; fileRef = 675F9BD7833D409284ED3B85; };
		26D6E481816344369547B5AF = {isa = PBXBuildFile; fileRef = E9876FE55FB24BE4A808E498; };
		BC40967AEBC747208E752EF0 = {isa = PBXBuildFile; fileRef = 0557D8DCF1AE4733872761B7; };
		EE550D7DBF964742A5A6E265 = {isa = PBXBuildFile; fileRef = 1BFBAEED953541E886BE2EB3; };
		8F4CD8A59C4848038A571EA9 = {isa = PBXBuildFile; fileRef = 44FCAF490E8948B3B3951B44; };
/* End PBXBuildFile section */

/* Begin PBXFileReference section */
		E1612116813C4AEABB5FA765 = {isa = PBXFileReference; lastKnownFileType = sourcecode.swift; path = "nano_SYNAPSYSApp.swift"; sourceTree = "<group>"; };
		2C6662E259B6438A929C0820 = {isa = PBXFileReference; lastKnownFileType = sourcecode.swift; path = "Config.swift"; sourceTree = "<group>"; };
		A4D4E490C2434BAEB5169C13 = {isa = PBXFileReference; lastKnownFileType = sourcecode.swift; path = "AppTheme.swift"; sourceTree = "<group>"; };
		266927B19E8F4C16B6E807AD = {isa = PBXFileReference; lastKnownFileType = sourcecode.swift; path = "User.swift"; sourceTree = "<group>"; };
		41C0FDFFF4A54347B49B405D = {isa = PBXFileReference; lastKnownFileType = sourcecode.swift; path = "Message.swift"; sourceTree = "<group>"; };
		120C4EC38E534B2695F5CDBF = {isa = PBXFileReference; lastKnownFileType = sourcecode.swift; path = "Contact.swift"; sourceTree = "<group>"; };
		5E7D1FA59BCC4256849650F8 = {isa = PBXFileReference; lastKnownFileType = sourcecode.swift; path = "BotMessage.swift"; sourceTree = "<group>"; };
		2278B719207A4E5CBB982D7C = {isa = PBXFileReference; lastKnownFileType = sourcecode.swift; path = "KeychainService.swift"; sourceTree = "<group>"; };
		B58B15AD92334D5BA2C74A45 = {isa = PBXFileReference; lastKnownFileType = sourcecode.swift; path = "EncryptionService.swift"; sourceTree = "<group>"; };
		CF2AE83A3B254D8781867FB6 = {isa = PBXFileReference; lastKnownFileType = sourcecode.swift; path = "APIService.swift"; sourceTree = "<group>"; };
		F123673E686547D9B6D47988 = {isa = PBXFileReference; lastKnownFileType = sourcecode.swift; path = "WebSocketService.swift"; sourceTree = "<group>"; };
		3D1992A0F54F4C9B92951008 = {isa = PBXFileReference; lastKnownFileType = sourcecode.swift; path = "NotificationService.swift"; sourceTree = "<group>"; };
		D995E5BFBBBE4DA6994889AE = {isa = PBXFileReference; lastKnownFileType = sourcecode.swift; path = "AuthViewModel.swift"; sourceTree = "<group>"; };
		FF6BBB0A568841268135A65D = {isa = PBXFileReference; lastKnownFileType = sourcecode.swift; path = "ConversationsViewModel.swift"; sourceTree = "<group>"; };
		2DE9CB0358454977AE883E3E = {isa = PBXFileReference; lastKnownFileType = sourcecode.swift; path = "ChatViewModel.swift"; sourceTree = "<group>"; };
		DF089213D0774BFFAFE765AD = {isa = PBXFileReference; lastKnownFileType = sourcecode.swift; path = "ContactsViewModel.swift"; sourceTree = "<group>"; };
		48C647F3E11144EB97AC714A = {isa = PBXFileReference; lastKnownFileType = sourcecode.swift; path = "BotViewModel.swift"; sourceTree = "<group>"; };
		801B8683DD03482BB706BE50 = {isa = PBXFileReference; lastKnownFileType = sourcecode.swift; path = "SplashView.swift"; sourceTree = "<group>"; };
		A1439888075443F78D6DDB11 = {isa = PBXFileReference; lastKnownFileType = sourcecode.swift; path = "LoginView.swift"; sourceTree = "<group>"; };
		9633D702F257460EB7A19D52 = {isa = PBXFileReference; lastKnownFileType = sourcecode.swift; path = "RegisterView.swift"; sourceTree = "<group>"; };
		348797FF9DC64DD39BD855B7 = {isa = PBXFileReference; lastKnownFileType = sourcecode.swift; path = "MainTabView.swift"; sourceTree = "<group>"; };
		359DA86FE2F146548C8B14BA = {isa = PBXFileReference; lastKnownFileType = sourcecode.swift; path = "ConversationsListView.swift"; sourceTree = "<group>"; };
		DBB2A8D46D1E40E0A09DCE0D = {isa = PBXFileReference; lastKnownFileType = sourcecode.swift; path = "ChatView.swift"; sourceTree = "<group>"; };
		B348EF163F84408F8382F22B = {isa = PBXFileReference; lastKnownFileType = sourcecode.swift; path = "MessageBubble.swift"; sourceTree = "<group>"; };
		9BFA2949F4214943A5104C1D = {isa = PBXFileReference; lastKnownFileType = sourcecode.swift; path = "TypingIndicator.swift"; sourceTree = "<group>"; };
		8449711ABA9F4CF8BD5425CB = {isa = PBXFileReference; lastKnownFileType = sourcecode.swift; path = "ContactsView.swift"; sourceTree = "<group>"; };
		D55424A8F213429480210E92 = {isa = PBXFileReference; lastKnownFileType = sourcecode.swift; path = "ContactRow.swift"; sourceTree = "<group>"; };
		F4D76F8A330F49528BCFE3ED = {isa = PBXFileReference; lastKnownFileType = sourcecode.swift; path = "BotChatView.swift"; sourceTree = "<group>"; };
		3100E83E7E704461A7BD9C37 = {isa = PBXFileReference; lastKnownFileType = sourcecode.swift; path = "SettingsView.swift"; sourceTree = "<group>"; };
		C0D1CD3607194721801043F3 = {isa = PBXFileReference; lastKnownFileType = sourcecode.swift; path = "NeonButton.swift"; sourceTree = "<group>"; };
		FF2297550EB34F2CA0CF05FA = {isa = PBXFileReference; lastKnownFileType = sourcecode.swift; path = "NeonTextField.swift"; sourceTree = "<group>"; };
		B202E1F5D7EE4CB7B5DBEC4B = {isa = PBXFileReference; lastKnownFileType = sourcecode.swift; path = "OnlineDot.swift"; sourceTree = "<group>"; };
		F6E15081408C4DBF87A64CA7 = {isa = PBXFileReference; lastKnownFileType = sourcecode.swift; path = "EncryptionBadge.swift"; sourceTree = "<group>"; };
		F18C7510F9BD47D3BD0FC1C0 = {isa = PBXFileReference; lastKnownFileType = text.plist.xml; path = Info.plist; sourceTree = "<group>"; };
		C29EC9456B0B47A7A826B0A9 = {isa = PBXFileReference; lastKnownFileType = folder.assetcatalog; path = Assets.xcassets; sourceTree = "<group>"; };
		72A141E5E5AF4DA4B99AF567 = {isa = PBXFileReference; explicitFileType = wrapper.application; includeInIndex = 0; path = "nano-SYNAPSYS.app"; sourceTree = BUILT_PRODUCTS_DIR; };
		675F9BD7833D409284ED3B85 = {isa = PBXFileReference; lastKnownFileType = sourcecode.swift; path = "Group.swift"; sourceTree = "<group>"; };
		E9876FE55FB24BE4A808E498 = {isa = PBXFileReference; lastKnownFileType = sourcecode.swift; path = "GroupChatViewModel.swift"; sourceTree = "<group>"; };
		0557D8DCF1AE4733872761B7 = {isa = PBXFileReference; lastKnownFileType = sourcecode.swift; path = "GroupsViewModel.swift"; sourceTree = "<group>"; };
		1BFBAEED953541E886BE2EB3 = {isa = PBXFileReference; lastKnownFileType = sourcecode.swift; path = "GroupChatView.swift"; sourceTree = "<group>"; };
		44FCAF490E8948B3B3951B44 = {isa = PBXFileReference; lastKnownFileType = sourcecode.swift; path = "GroupsListView.swift"; sourceTree = "<group>"; };
/* End PBXFileReference section */

/* Begin PBXGroup section */
		7D8E9A2B6202492786462182 = {
			isa = PBXGroup;
			children = (
				E1612116813C4AEABB5FA765,
				F18C7510F9BD47D3BD0FC1C0,
				C29EC9456B0B47A7A826B0A9,
				CC05CEFF8E624BD0B501D7EF,
				0CFADE8BA5DA496CAA008DFB,
				3A89FB88613B41FBB2AB8116,
				109110E11F494352BEAEB3D9,
				B237FD9C8C764690A25B2E86,
			);
			path = "nano-SYNAPSYS";
			sourceTree = "<group>";
		};
		CC05CEFF8E624BD0B501D7EF = {
			isa = PBXGroup;
			children = (
				2C6662E259B6438A929C0820,
			);
			path = "Config";
			sourceTree = "<group>";
		};
		0CFADE8BA5DA496CAA008DFB = {
			isa = PBXGroup;
			children = (
				A4D4E490C2434BAEB5169C13,
			);
			path = "Theme";
			sourceTree = "<group>";
		};
		3A89FB88613B41FBB2AB8116 = {
			isa = PBXGroup;
			children = (
				266927B19E8F4C16B6E807AD,
				41C0FDFFF4A54347B49B405D,
				120C4EC38E534B2695F5CDBF,
				5E7D1FA59BCC4256849650F8,
				675F9BD7833D409284ED3B85,
			);
			path = "Models";
			sourceTree = "<group>";
		};
		109110E11F494352BEAEB3D9 = {
			isa = PBXGroup;
			children = (
				2278B719207A4E5CBB982D7C,
				B58B15AD92334D5BA2C74A45,
				CF2AE83A3B254D8781867FB6,
				F123673E686547D9B6D47988,
				3D1992A0F54F4C9B92951008,
			);
			path = "Services";
			sourceTree = "<group>";
		};
		B237FD9C8C764690A25B2E86 = {
			isa = PBXGroup;
			children = (
				D995E5BFBBBE4DA6994889AE,
				FF6BBB0A568841268135A65D,
				2DE9CB0358454977AE883E3E,
				DF089213D0774BFFAFE765AD,
				48C647F3E11144EB97AC714A,
				E9876FE55FB24BE4A808E498,
				0557D8DCF1AE4733872761B7,
			);
			path = "ViewModels";
			sourceTree = "<group>";
		};
		727A40FC5B86405BA9E9CC1C = {
			isa = PBXGroup;
			children = (
				801B8683DD03482BB706BE50,
				A1439888075443F78D6DDB11,
				9633D702F257460EB7A19D52,
			);
			path = "Auth";
			sourceTree = "<group>";
		};
		26D9C7A7D369492C9B588D53 = {
			isa = PBXGroup;
			children = (
				348797FF9DC64DD39BD855B7,
				359DA86FE2F146548C8B14BA,
				44FCAF490E8948B3B3951B44,
			);
			path = "Main";
			sourceTree = "<group>";
		};
		C6DF8D558A7B4C63B4C8CA92 = {
			isa = PBXGroup;
			children = (
				DBB2A8D46D1E40E0A09DCE0D,
				B348EF163F84408F8382F22B,
				9BFA2949F4214943A5104C1D,
				1BFBAEED953541E886BE2EB3,
			);
			path = "Chat";
			sourceTree = "<group>";
		};
		E0ED77A6E4664D9C9DEDD77C = {
			isa = PBXGroup;
			children = (
				8449711ABA9F4CF8BD5425CB,
				D55424A8F213429480210E92,
			);
			path = "Contacts";
			sourceTree = "<group>";
		};
		801BBE39C6A04A6FA3206A31 = {
			isa = PBXGroup;
			children = (
				F4D76F8A330F49528BCFE3ED,
			);
			path = "Bot";
			sourceTree = "<group>";
		};
		E3E8FE27DF9A499EAD236681 = {
			isa = PBXGroup;
			children = (
				3100E83E7E704461A7BD9C37,
			);
			path = "Settings";
			sourceTree = "<group>";
		};
		87D2C1ABFEB64FF7A2ADEA31 = {
			isa = PBXGroup;
			children = (
				C0D1CD3607194721801043F3,
				FF2297550EB34F2CA0CF05FA,
				B202E1F5D7EE4CB7B5DBEC4B,
				F6E15081408C4DBF87A64CA7,
			);
			path = "Components";
			sourceTree = "<group>";
		};
		A9166DC2271C4927869562AE = {
			isa = PBXGroup;
			children = (
				7D8E9A2B6202492786462182,
				2A510124A41B4BEC918A70CE,
			);
			sourceTree = "<group>";
		};
		2A510124A41B4BEC918A70CE = {
			isa = PBXGroup;
			children = (
				72A141E5E5AF4DA4B99AF567,
			);
			name = Products;
			sourceTree = "<group>";
		};
/* End PBXGroup section */

/* Begin PBXNativeTarget section */
		72799EF3AA0C453495E92319 = {
			isa = PBXNativeTarget;
			buildConfigurationList = F7CBFB96C8374F89B19DE23E;
			buildPhases = (
				5CB054FC1974402FB749C24D,
				7785F9EB97E74D97A423CED3,
			);
			buildRules = (
			);
			dependencies = (
			);
			name = "nano-SYNAPSYS";
			productName = "nano-SYNAPSYS";
			productReference = 72A141E5E5AF4DA4B99AF567;
			productType = "com.apple.product-type.application";
		};
/* End PBXNativeTarget section */

/* Begin PBXProject section */
		A02A3D8597DA45FC93774B28 = {
			isa = PBXProject;
			attributes = {
				BuildIndependentTargetsInParallel = 1;
				LastSwiftUpdateCheck = 1500;
				LastUpgradeCheck = 1500;
				TargetAttributes = {
					72799EF3AA0C453495E92319 = {
						CreatedOnToolsVersion = 15.0;
					};
				};
			};
			buildConfigurationList = 28D651CA8E5A4A70AE4D92AF;
			compatibilityVersion = "Xcode 14.0";
			developmentRegion = en;
			hasScannedForEncodings = 0;
			knownRegions = (
				en,
				Base,
			);
			mainGroup = A9166DC2271C4927869562AE;
			productsGroup = 2A510124A41B4BEC918A70CE;
			projectDirPath = "";
			projectRoot = "";
			targets = (
				72799EF3AA0C453495E92319,
			);
		};
/* End PBXProject section */

/* Begin PBXResourcesBuildPhase section */
		7785F9EB97E74D97A423CED3 = {
			isa = PBXResourcesBuildPhase;
			buildActionMask = 2147483647;
			files = (
				B674CA3C04B54EB6A9C5A89E,
			);
			runOnlyForDeploymentPostprocessing = 0;
		};
/* End PBXResourcesBuildPhase section */

/* Begin PBXSourcesBuildPhase section */
		5CB054FC1974402FB749C24D = {
			isa = PBXSourcesBuildPhase;
			buildActionMask = 2147483647;
			files = (
				19DB1613AEA04B2DB6D20C3A,
				7936ECE0D8C04B1783F17328,
				3E54ABF4261D49D8B5D3EF46,
				81ACE69A41384010B4FD2737,
				F1CA781D3B8C4EB5B2FB7B7C,
				1AE3197DD19F466FB49C6718,
				8AE7976F19F7401B8CFA6D78,
				99230B05E97445E18AA9DE0E,
				4A6BF3EEE6D34515ACB6798F,
				9594D9DCB1274D3987E629D1,
				AFE84E0688A8416F8455CFCA,
				F2675BB043EB4C879B5F58C4,
				38DC828B608247ECB2C17704,
				6A8B3D7C81094F768DBD4F12,
				027B60ED855045AAB2D485C1,
				87EC4292729448C2B9BCE440,
				361EB4F36E004F74A534461D,
				13AABA77CCFA421EB646A195,
				7E0924581D704A3DAC5B3480,
				0962483B8AC94AAE9DBCE8C7,
				AEA37D267147482588E7FC28,
				61187D622416452D8942AFB5,
				8AA95ADBA3CF4CDCA7771298,
				598727CF52404A1EAAE5AF21,
				B3C49BF8CBA04D31A82C7BB8,
				08F7BE80BD604F648AD08D33,
				C89545D7B5F146FEB9A9F4F5,
				806AB287CAB84C54B5821A3C,
				1E3A2D100FBB43178C121637,
				949D00ED5FF743BEBA38CE34,
				D66FE9CADEE64638AC3B2F72,
				450EE32A63CB4BED873DA79A,
				65C0CC61AA0D48E187404C6E,
				91762E2F6FF146D7A3A4B1BC,
				26D6E481816344369547B5AF,
				BC40967AEBC747208E752EF0,
				EE550D7DBF964742A5A6E265,
				8F4CD8A59C4848038A571EA9,
			);
			runOnlyForDeploymentPostprocessing = 0;
		};
/* End PBXSourcesBuildPhase section */

/* Begin XCBuildConfiguration section */
		8F25F8B6D4574DA5884846E4 = {
			isa = XCBuildConfiguration;
			buildSettings = {
				ALWAYS_SEARCH_USER_PATHS = NO;
				ASSET_CATALOG_COMPILER_OPTIMIZATION = space;
				CLANG_ANALYZER_NONNULL = YES;
				CLANG_CXX_LANGUAGE_STANDARD = "gnu++20";
				CLANG_ENABLE_MODULES = YES;
				CLANG_ENABLE_OBJC_ARC = YES;
				COPY_PHASE_STRIP = NO;
				DEBUG_INFORMATION_FORMAT = dwarf;
				ENABLE_STRICT_OBJC_MSGSEND = YES;
				ENABLE_TESTABILITY = YES;
				GCC_C_LANGUAGE_STANDARD = gnu17;
				GCC_DYNAMIC_NO_PIC = NO;
				GCC_NO_COMMON_BLOCKS = YES;
				GCC_OPTIMIZATION_LEVEL = 0;
				IPHONEOS_DEPLOYMENT_TARGET = 17.0;
				MTL_ENABLE_DEBUG_INFO = INCLUDE_SOURCE;
				MTL_FAST_MATH = YES;
				ONLY_ACTIVE_ARCH = YES;
				SDKROOT = iphoneos;
				SWIFT_ACTIVE_COMPILATION_CONDITIONS = DEBUG;
				SWIFT_OPTIMIZATION_LEVEL = "-Onone";
			};
			name = Debug;
		};
		DBBA6879DA4F4254ADD544B6 = {
			isa = XCBuildConfiguration;
			buildSettings = {
				ALWAYS_SEARCH_USER_PATHS = NO;
				ASSET_CATALOG_COMPILER_OPTIMIZATION = space;
				CLANG_ANALYZER_NONNULL = YES;
				CLANG_CXX_LANGUAGE_STANDARD = "gnu++20";
				CLANG_ENABLE_MODULES = YES;
				CLANG_ENABLE_OBJC_ARC = YES;
				COPY_PHASE_STRIP = NO;
				DEBUG_INFORMATION_FORMAT = "dwarf-with-dsym";
				ENABLE_NS_ASSERTIONS = NO;
				ENABLE_STRICT_OBJC_MSGSEND = YES;
				GCC_C_LANGUAGE_STANDARD = gnu17;
				GCC_NO_COMMON_BLOCKS = YES;
				IPHONEOS_DEPLOYMENT_TARGET = 17.0;
				MTL_ENABLE_DEBUG_INFO = NO;
				MTL_FAST_MATH = YES;
				SDKROOT = iphoneos;
				SWIFT_COMPILATION_MODE = wholemodule;
				SWIFT_OPTIMIZATION_LEVEL = "-O";
				VALIDATE_PRODUCT = YES;
			};
			name = Release;
		};
		87D9BC98D3DD42DD91914135 = {
			isa = XCBuildConfiguration;
			buildSettings = {
				ASSTCATALOG_COMPILER_APPICON_NAME = AppIcon;
				CURRENT_PROJECT_VERSION = 1;
				GENERATE_INFOPLIST_FILE = NO;
				INFOPLIST_FILE = "nano-SYNAPSYS/Info.plist";
				IPHONEOS_DEPLOYMENT_TARGET = 17.0;
				LE_SWIFT_VERSION = 5.0;
				MARKETING_VERSION = 1.0;
				PRODUCT_BUNDLE_IDENTIFIER = "com.aievolve.nanosynapsys";
				PRODUCT_NAME = "$(TARGET_NAME)";
				SDKROOT = iphoneos;
				SWIFT_EMIT_LOC_STRINGS = YES;
				SWIFT_VERSION = 5.0;
				TARGETED_DEVICE_FAMILY = 1;
			};
			name = Debug;
		};
		647F3DB84E8C4A959BD3D135 = {
			isa = XCBuildConfiguration;
			buildSettings = {
				ASSTCATALOG_COMPILER_APPICON_NAME = AppIcon;
				CURRENT_PROJECT_VERSION = 1;
				GENERATE_INFOPLIST_FILE = NO;
				INFOPLIST_FILE = "nano-SYNAPSYS/Info.plist";
				IPHONEOS_DEPLOYMENT_TARGET = 17.0;
				LE_SWIFT_VERSION = 5.0;
				MARKETING_VERSION = 1.0;
				PRODUCT_BUNDLE_IDENTIFIER = "com.aievolve.nanosynapsys";
				PRODUCT_NAME = "$(TARGET_NAME)";
				SDKROOT = iphoneos;
				SWIFT_EMIT_LOC_STRINGS = YES;
				SWIFT_VERSION = 5.0;
				TARGETED_DEVICE_FAMILY = 1;
			};
			name = Release;
		};
/* End XCBuildConfiguration section */

/* Begin XCConfigurationList section */
		28D651CA8E5A4A70AE4D92AF = {
			isa = XCConfigurationList;
			buildConfigurations = (
				8F25F8B6D4574DA5884846E4,
				DBBA6879DA4F4254ADD544B6,
			);
			defaultConfigurationIsVisible = 0;
			defaultConfigurationName = Release;
		};
		F7CBFB96C8374F89B19DE23E = {
			isa = XCConfigurationList;
			buildConfigurations = (
				8F25F8B6D4574DA5884846E4,
				DBBA6879DA4F4254ADD544B6,
			);
			defaultConfigurationIsVisible = 0;
			defaultConfigurationName = Release;
		};
/* End XCConfigurationList section */

	};
	rootObject = A02A3D8597DA45FC93774B28;
}
